// !$*UTF8*$!
{
	archiveVersion = 1;
	classes = {
	};
	objectVersion = 48;
	objects = {

/* Begin PBXBuildFile section */
		231C131C1FE5DEF500ACB357 /* WebAppVC.swift in Sources */ = {isa = PBXBuildFile; fileRef = 231C131B1FE5DEF500ACB357 /* WebAppVC.swift */; };
		2363C8AF1FE58EF900B36C79 /* StopGap.storyboard in Resources */ = {isa = PBXBuildFile; fileRef = 2363C8AE1FE58EF900B36C79 /* StopGap.storyboard */; };
		2363C8B21FE58F4300B36C79 /* SignupVC.swift in Sources */ = {isa = PBXBuildFile; fileRef = 2363C8B11FE58F4300B36C79 /* SignupVC.swift */; };
		239E5B6B1FDE0A4100EA591A /* SearchVM.swift in Sources */ = {isa = PBXBuildFile; fileRef = 239E5B6A1FDE0A4100EA591A /* SearchVM.swift */; };
		239E5B6D1FDE0A4A00EA591A /* SearchModel.swift in Sources */ = {isa = PBXBuildFile; fileRef = 239E5B6C1FDE0A4A00EA591A /* SearchModel.swift */; };
		239E5B721FDE0AD400EA591A /* BaseViewModel.swift in Sources */ = {isa = PBXBuildFile; fileRef = 239E5B711FDE0AD400EA591A /* BaseViewModel.swift */; };
		239E5B741FDE0ADE00EA591A /* BaseModel.swift in Sources */ = {isa = PBXBuildFile; fileRef = 239E5B731FDE0ADE00EA591A /* BaseModel.swift */; };
		247B319B4A804032B12BE12B /* UserManager.swift in Sources */ = {isa = PBXBuildFile; fileRef = 247B3ADA52B707BB282215C6 /* UserManager.swift */; };
		247B349E62EE55C06CEAD121 /* Colors.swift in Sources */ = {isa = PBXBuildFile; fileRef = 247B3F7F15D069DC0EF5FAEC /* Colors.swift */; };
		247B3AA466ED79AAD10EBF1F /* ServPalApiManager.swift in Sources */ = {isa = PBXBuildFile; fileRef = 247B3A8A309C9E30A7363D52 /* ServPalApiManager.swift */; };
		52F0F8F140AE28B5637892D9 /* Pods_ServpalUITests.framework in Frameworks */ = {isa = PBXBuildFile; fileRef = 570BC943E28D8558B583D202 /* Pods_ServpalUITests.framework */; };
		684021F51FC45F68004FE058 /* SPError.swift in Sources */ = {isa = PBXBuildFile; fileRef = 684021F41FC45F68004FE058 /* SPError.swift */; };
		6855DA381FD30BFB00E7DFD7 /* LocationServiceManager.swift in Sources */ = {isa = PBXBuildFile; fileRef = 6855DA371FD30BFB00E7DFD7 /* LocationServiceManager.swift */; };
		6855DA3B1FD3110600E7DFD7 /* SearchViewController.swift in Sources */ = {isa = PBXBuildFile; fileRef = 6855DA3A1FD3110600E7DFD7 /* SearchViewController.swift */; };
		68A815F61FB26E6800719AE4 /* AppDelegate.swift in Sources */ = {isa = PBXBuildFile; fileRef = 68A815F51FB26E6800719AE4 /* AppDelegate.swift */; };
		68A815FB1FB26E6800719AE4 /* Main.storyboard in Resources */ = {isa = PBXBuildFile; fileRef = 68A815F91FB26E6800719AE4 /* Main.storyboard */; };
		68A815FD1FB26E6800719AE4 /* Assets.xcassets in Resources */ = {isa = PBXBuildFile; fileRef = 68A815FC1FB26E6800719AE4 /* Assets.xcassets */; };
		68A816001FB26E6800719AE4 /* LaunchScreen.storyboard in Resources */ = {isa = PBXBuildFile; fileRef = 68A815FE1FB26E6800719AE4 /* LaunchScreen.storyboard */; };
		68A8160B1FB26E6800719AE4 /* ServPalTests.swift in Sources */ = {isa = PBXBuildFile; fileRef = 68A8160A1FB26E6800719AE4 /* ServPalTests.swift */; };
		68A816161FB26E6800719AE4 /* ServPalUITests.swift in Sources */ = {isa = PBXBuildFile; fileRef = 68A816151FB26E6800719AE4 /* ServPalUITests.swift */; };
		68A816271FB2840000719AE4 /* LoginResponse.swift in Sources */ = {isa = PBXBuildFile; fileRef = 68A816261FB2840000719AE4 /* LoginResponse.swift */; };
		68A816291FB2AC2200719AE4 /* UserBody.swift in Sources */ = {isa = PBXBuildFile; fileRef = 68A816281FB2AC2200719AE4 /* UserBody.swift */; };
		68A8162F1FB326BA00719AE4 /* RealmManager.swift in Sources */ = {isa = PBXBuildFile; fileRef = 68A8162E1FB326BA00719AE4 /* RealmManager.swift */; };
		68A816341FB327F800719AE4 /* Constants.swift in Sources */ = {isa = PBXBuildFile; fileRef = 68A816331FB327F800719AE4 /* Constants.swift */; };
		68A816361FB3291600719AE4 /* User.swift in Sources */ = {isa = PBXBuildFile; fileRef = 68A816351FB3291600719AE4 /* User.swift */; };
		68A816381FB3292400719AE4 /* Profile.swift in Sources */ = {isa = PBXBuildFile; fileRef = 68A816371FB3292400719AE4 /* Profile.swift */; };
		68F3FA831FB7B23400ED1333 /* RLMResults+Additions.swift in Sources */ = {isa = PBXBuildFile; fileRef = 68F3FA821FB7B23400ED1333 /* RLMResults+Additions.swift */; };
		68F3FA861FB7B2C300ED1333 /* RLMArray+Additions.swift in Sources */ = {isa = PBXBuildFile; fileRef = 68F3FA851FB7B2C300ED1333 /* RLMArray+Additions.swift */; };
		90288AB20FB9505A741D22A8 /* Pods_Servpal.framework in Frameworks */ = {isa = PBXBuildFile; fileRef = 7CF6CBF035B9895910B2FFA5 /* Pods_Servpal.framework */; };
		977AB6945B39F18AABE56FFA /* Pods_ServpalTests.framework in Frameworks */ = {isa = PBXBuildFile; fileRef = A2E2FD4E50E8A136AE364EBD /* Pods_ServpalTests.framework */; };
/* End PBXBuildFile section */

/* Begin PBXContainerItemProxy section */
		68A816071FB26E6800719AE4 /* PBXContainerItemProxy */ = {
			isa = PBXContainerItemProxy;
			containerPortal = 68A815EA1FB26E6800719AE4 /* Project object */;
			proxyType = 1;
			remoteGlobalIDString = 68A815F11FB26E6800719AE4;
			remoteInfo = ServPal;
		};
		68A816121FB26E6800719AE4 /* PBXContainerItemProxy */ = {
			isa = PBXContainerItemProxy;
			containerPortal = 68A815EA1FB26E6800719AE4 /* Project object */;
			proxyType = 1;
			remoteGlobalIDString = 68A815F11FB26E6800719AE4;
			remoteInfo = ServPal;
		};
/* End PBXContainerItemProxy section */

/* Begin PBXFileReference section */
		1804251ABA4D0E76D811108D /* Pods-ServpalTests.debug.xcconfig */ = {isa = PBXFileReference; includeInIndex = 1; lastKnownFileType = text.xcconfig; name = "Pods-ServpalTests.debug.xcconfig"; path = "Pods/Target Support Files/Pods-ServpalTests/Pods-ServpalTests.debug.xcconfig"; sourceTree = "<group>"; };
		231C13171FE5D7EC00ACB357 /* Servpal-Bridging-Header.h */ = {isa = PBXFileReference; lastKnownFileType = sourcecode.c.h; path = "Servpal-Bridging-Header.h"; sourceTree = "<group>"; };
		231C131B1FE5DEF500ACB357 /* WebAppVC.swift */ = {isa = PBXFileReference; lastKnownFileType = sourcecode.swift; path = WebAppVC.swift; sourceTree = "<group>"; };
		2363C8AE1FE58EF900B36C79 /* StopGap.storyboard */ = {isa = PBXFileReference; lastKnownFileType = file.storyboard; path = StopGap.storyboard; sourceTree = "<group>"; };
		2363C8B11FE58F4300B36C79 /* SignupVC.swift */ = {isa = PBXFileReference; lastKnownFileType = sourcecode.swift; path = SignupVC.swift; sourceTree = "<group>"; };
		239E5B6A1FDE0A4100EA591A /* SearchVM.swift */ = {isa = PBXFileReference; lastKnownFileType = sourcecode.swift; path = SearchVM.swift; sourceTree = "<group>"; };
		239E5B6C1FDE0A4A00EA591A /* SearchModel.swift */ = {isa = PBXFileReference; lastKnownFileType = sourcecode.swift; path = SearchModel.swift; sourceTree = "<group>"; };
		239E5B711FDE0AD400EA591A /* BaseViewModel.swift */ = {isa = PBXFileReference; lastKnownFileType = sourcecode.swift; path = BaseViewModel.swift; sourceTree = "<group>"; };
		239E5B731FDE0ADE00EA591A /* BaseModel.swift */ = {isa = PBXFileReference; lastKnownFileType = sourcecode.swift; path = BaseModel.swift; sourceTree = "<group>"; };
		247B3A8A309C9E30A7363D52 /* ServPalApiManager.swift */ = {isa = PBXFileReference; fileEncoding = 4; lastKnownFileType = sourcecode.swift; path = ServPalApiManager.swift; sourceTree = "<group>"; };
		247B3ADA52B707BB282215C6 /* UserManager.swift */ = {isa = PBXFileReference; fileEncoding = 4; lastKnownFileType = sourcecode.swift; path = UserManager.swift; sourceTree = "<group>"; };
		247B3F7F15D069DC0EF5FAEC /* Colors.swift */ = {isa = PBXFileReference; fileEncoding = 4; lastKnownFileType = sourcecode.swift; path = Colors.swift; sourceTree = "<group>"; };
		570BC943E28D8558B583D202 /* Pods_ServpalUITests.framework */ = {isa = PBXFileReference; explicitFileType = wrapper.framework; includeInIndex = 0; path = Pods_ServpalUITests.framework; sourceTree = BUILT_PRODUCTS_DIR; };
		684021F41FC45F68004FE058 /* SPError.swift */ = {isa = PBXFileReference; lastKnownFileType = sourcecode.swift; path = SPError.swift; sourceTree = "<group>"; };
		6855DA371FD30BFB00E7DFD7 /* LocationServiceManager.swift */ = {isa = PBXFileReference; lastKnownFileType = sourcecode.swift; path = LocationServiceManager.swift; sourceTree = "<group>"; };
		6855DA3A1FD3110600E7DFD7 /* SearchViewController.swift */ = {isa = PBXFileReference; lastKnownFileType = sourcecode.swift; path = SearchViewController.swift; sourceTree = "<group>"; };
		68A815F21FB26E6800719AE4 /* Servpal.app */ = {isa = PBXFileReference; explicitFileType = wrapper.application; includeInIndex = 0; path = Servpal.app; sourceTree = BUILT_PRODUCTS_DIR; };
		68A815F51FB26E6800719AE4 /* AppDelegate.swift */ = {isa = PBXFileReference; lastKnownFileType = sourcecode.swift; path = AppDelegate.swift; sourceTree = "<group>"; };
		68A815FA1FB26E6800719AE4 /* Base */ = {isa = PBXFileReference; lastKnownFileType = file.storyboard; name = Base; path = Base.lproj/Main.storyboard; sourceTree = "<group>"; };
		68A815FC1FB26E6800719AE4 /* Assets.xcassets */ = {isa = PBXFileReference; lastKnownFileType = folder.assetcatalog; path = Assets.xcassets; sourceTree = "<group>"; };
		68A815FF1FB26E6800719AE4 /* Base */ = {isa = PBXFileReference; lastKnownFileType = file.storyboard; name = Base; path = Base.lproj/LaunchScreen.storyboard; sourceTree = "<group>"; };
		68A816011FB26E6800719AE4 /* Info.plist */ = {isa = PBXFileReference; lastKnownFileType = text.plist.xml; path = Info.plist; sourceTree = "<group>"; };
		68A816061FB26E6800719AE4 /* ServpalTests.xctest */ = {isa = PBXFileReference; explicitFileType = wrapper.cfbundle; includeInIndex = 0; path = ServpalTests.xctest; sourceTree = BUILT_PRODUCTS_DIR; };
		68A8160A1FB26E6800719AE4 /* ServPalTests.swift */ = {isa = PBXFileReference; lastKnownFileType = sourcecode.swift; path = ServPalTests.swift; sourceTree = "<group>"; };
		68A8160C1FB26E6800719AE4 /* Info.plist */ = {isa = PBXFileReference; lastKnownFileType = text.plist.xml; path = Info.plist; sourceTree = "<group>"; };
		68A816111FB26E6800719AE4 /* ServpalUITests.xctest */ = {isa = PBXFileReference; explicitFileType = wrapper.cfbundle; includeInIndex = 0; path = ServpalUITests.xctest; sourceTree = BUILT_PRODUCTS_DIR; };
		68A816151FB26E6800719AE4 /* ServPalUITests.swift */ = {isa = PBXFileReference; lastKnownFileType = sourcecode.swift; path = ServPalUITests.swift; sourceTree = "<group>"; };
		68A816171FB26E6800719AE4 /* Info.plist */ = {isa = PBXFileReference; lastKnownFileType = text.plist.xml; path = Info.plist; sourceTree = "<group>"; };
		68A816261FB2840000719AE4 /* LoginResponse.swift */ = {isa = PBXFileReference; lastKnownFileType = sourcecode.swift; path = LoginResponse.swift; sourceTree = "<group>"; };
		68A816281FB2AC2200719AE4 /* UserBody.swift */ = {isa = PBXFileReference; lastKnownFileType = sourcecode.swift; path = UserBody.swift; sourceTree = "<group>"; };
		68A8162E1FB326BA00719AE4 /* RealmManager.swift */ = {isa = PBXFileReference; lastKnownFileType = sourcecode.swift; path = RealmManager.swift; sourceTree = "<group>"; };
		68A816331FB327F800719AE4 /* Constants.swift */ = {isa = PBXFileReference; lastKnownFileType = sourcecode.swift; path = Constants.swift; sourceTree = "<group>"; };
		68A816351FB3291600719AE4 /* User.swift */ = {isa = PBXFileReference; lastKnownFileType = sourcecode.swift; path = User.swift; sourceTree = "<group>"; };
		68A816371FB3292400719AE4 /* Profile.swift */ = {isa = PBXFileReference; lastKnownFileType = sourcecode.swift; path = Profile.swift; sourceTree = "<group>"; };
		68F3FA821FB7B23400ED1333 /* RLMResults+Additions.swift */ = {isa = PBXFileReference; lastKnownFileType = sourcecode.swift; path = "RLMResults+Additions.swift"; sourceTree = "<group>"; };
		68F3FA851FB7B2C300ED1333 /* RLMArray+Additions.swift */ = {isa = PBXFileReference; lastKnownFileType = sourcecode.swift; path = "RLMArray+Additions.swift"; sourceTree = "<group>"; };
		73B18D8EA6572435077122B2 /* Pods-ServpalUITests.release.xcconfig */ = {isa = PBXFileReference; includeInIndex = 1; lastKnownFileType = text.xcconfig; name = "Pods-ServpalUITests.release.xcconfig"; path = "Pods/Target Support Files/Pods-ServpalUITests/Pods-ServpalUITests.release.xcconfig"; sourceTree = "<group>"; };
		7CF6CBF035B9895910B2FFA5 /* Pods_Servpal.framework */ = {isa = PBXFileReference; explicitFileType = wrapper.framework; includeInIndex = 0; path = Pods_Servpal.framework; sourceTree = BUILT_PRODUCTS_DIR; };
		8FDDB6BA1F4B7BAE5239B4D4 /* Pods-ServpalUITests.debug.xcconfig */ = {isa = PBXFileReference; includeInIndex = 1; lastKnownFileType = text.xcconfig; name = "Pods-ServpalUITests.debug.xcconfig"; path = "Pods/Target Support Files/Pods-ServpalUITests/Pods-ServpalUITests.debug.xcconfig"; sourceTree = "<group>"; };
		985A5143A6DCECE986EDCEDC /* Pods-ServpalTests.release.xcconfig */ = {isa = PBXFileReference; includeInIndex = 1; lastKnownFileType = text.xcconfig; name = "Pods-ServpalTests.release.xcconfig"; path = "Pods/Target Support Files/Pods-ServpalTests/Pods-ServpalTests.release.xcconfig"; sourceTree = "<group>"; };
		A2E2FD4E50E8A136AE364EBD /* Pods_ServpalTests.framework */ = {isa = PBXFileReference; explicitFileType = wrapper.framework; includeInIndex = 0; path = Pods_ServpalTests.framework; sourceTree = BUILT_PRODUCTS_DIR; };
		D98B832BAD0D8F04CE86C539 /* Pods-Servpal.debug.xcconfig */ = {isa = PBXFileReference; includeInIndex = 1; lastKnownFileType = text.xcconfig; name = "Pods-Servpal.debug.xcconfig"; path = "Pods/Target Support Files/Pods-Servpal/Pods-Servpal.debug.xcconfig"; sourceTree = "<group>"; };
		EF54109E545DDB0CA04D440C /* Pods-Servpal.release.xcconfig */ = {isa = PBXFileReference; includeInIndex = 1; lastKnownFileType = text.xcconfig; name = "Pods-Servpal.release.xcconfig"; path = "Pods/Target Support Files/Pods-Servpal/Pods-Servpal.release.xcconfig"; sourceTree = "<group>"; };
/* End PBXFileReference section */

/* Begin PBXFrameworksBuildPhase section */
		68A815EF1FB26E6800719AE4 /* Frameworks */ = {
			isa = PBXFrameworksBuildPhase;
			buildActionMask = 2147483647;
			files = (
				90288AB20FB9505A741D22A8 /* Pods_Servpal.framework in Frameworks */,
			);
			runOnlyForDeploymentPostprocessing = 0;
		};
		68A816031FB26E6800719AE4 /* Frameworks */ = {
			isa = PBXFrameworksBuildPhase;
			buildActionMask = 2147483647;
			files = (
				977AB6945B39F18AABE56FFA /* Pods_ServpalTests.framework in Frameworks */,
			);
			runOnlyForDeploymentPostprocessing = 0;
		};
		68A8160E1FB26E6800719AE4 /* Frameworks */ = {
			isa = PBXFrameworksBuildPhase;
			buildActionMask = 2147483647;
			files = (
				52F0F8F140AE28B5637892D9 /* Pods_ServpalUITests.framework in Frameworks */,
			);
			runOnlyForDeploymentPostprocessing = 0;
		};
/* End PBXFrameworksBuildPhase section */

/* Begin PBXGroup section */
		2363C8B01FE58F1C00B36C79 /* StopGap */ = {
			isa = PBXGroup;
			children = (
				2363C8AE1FE58EF900B36C79 /* StopGap.storyboard */,
				2363C8B11FE58F4300B36C79 /* SignupVC.swift */,
				231C131B1FE5DEF500ACB357 /* WebAppVC.swift */,
			);
			path = StopGap;
			sourceTree = "<group>";
		};
		239E5B691FDE0A1F00EA591A /* Search */ = {
			isa = PBXGroup;
			children = (
				6855DA3A1FD3110600E7DFD7 /* SearchViewController.swift */,
				239E5B6A1FDE0A4100EA591A /* SearchVM.swift */,
				239E5B6C1FDE0A4A00EA591A /* SearchModel.swift */,
			);
			path = Search;
			sourceTree = "<group>";
		};
		239E5B6E1FDE0A7D00EA591A /* Base */ = {
			isa = PBXGroup;
			children = (
				239E5B711FDE0AD400EA591A /* BaseViewModel.swift */,
				239E5B731FDE0ADE00EA591A /* BaseModel.swift */,
			);
			path = Base;
			sourceTree = "<group>";
		};
		247B3839FD3FC7F41AC25F07 /* Style */ = {
			isa = PBXGroup;
			children = (
				247B3F7F15D069DC0EF5FAEC /* Colors.swift */,
			);
			path = Style;
			sourceTree = "<group>";
		};
		422B6325C294108CB8934716 /* Frameworks */ = {
			isa = PBXGroup;
			children = (
				7CF6CBF035B9895910B2FFA5 /* Pods_Servpal.framework */,
				A2E2FD4E50E8A136AE364EBD /* Pods_ServpalTests.framework */,
				570BC943E28D8558B583D202 /* Pods_ServpalUITests.framework */,
			);
			name = Frameworks;
			sourceTree = "<group>";
		};
		6855DA361FD30BBF00E7DFD7 /* Location */ = {
			isa = PBXGroup;
			children = (
				6855DA371FD30BFB00E7DFD7 /* LocationServiceManager.swift */,
			);
			path = Location;
			sourceTree = "<group>";
		};
		6855DA391FD30DC400E7DFD7 /* ViewControllers */ = {
			isa = PBXGroup;
			children = (
				239E5B6E1FDE0A7D00EA591A /* Base */,
				239E5B691FDE0A1F00EA591A /* Search */,
			);
			path = ViewControllers;
			sourceTree = "<group>";
		};
		68A815E91FB26E6800719AE4 = {
			isa = PBXGroup;
			children = (
				68A815F41FB26E6800719AE4 /* Servpal */,
				68A816091FB26E6800719AE4 /* ServpalTests */,
				68A816141FB26E6800719AE4 /* ServpalUITests */,
				68A815F31FB26E6800719AE4 /* Products */,
				74B43508025ECE8C4F639CD2 /* Pods */,
				422B6325C294108CB8934716 /* Frameworks */,
			);
			sourceTree = "<group>";
		};
		68A815F31FB26E6800719AE4 /* Products */ = {
			isa = PBXGroup;
			children = (
				68A815F21FB26E6800719AE4 /* Servpal.app */,
				68A816061FB26E6800719AE4 /* ServpalTests.xctest */,
				68A816111FB26E6800719AE4 /* ServpalUITests.xctest */,
			);
			name = Products;
			sourceTree = "<group>";
		};
		68A815F41FB26E6800719AE4 /* Servpal */ = {
			isa = PBXGroup;
			children = (
				231C13171FE5D7EC00ACB357 /* Servpal-Bridging-Header.h */,
				2363C8B01FE58F1C00B36C79 /* StopGap */,
				68A815F51FB26E6800719AE4 /* AppDelegate.swift */,
				68A815F91FB26E6800719AE4 /* Main.storyboard */,
				6855DA391FD30DC400E7DFD7 /* ViewControllers */,
				6855DA361FD30BBF00E7DFD7 /* Location */,
				68F3FA7F1FB5E74800ED1333 /* API */,
				68A816321FB327E600719AE4 /* Constants */,
				68A816231FB2839900719AE4 /* Model */,
				68A815FC1FB26E6800719AE4 /* Assets.xcassets */,
				68A815FE1FB26E6800719AE4 /* LaunchScreen.storyboard */,
				68A816011FB26E6800719AE4 /* Info.plist */,
				247B3839FD3FC7F41AC25F07 /* Style */,
			);
			path = Servpal;
			sourceTree = "<group>";
		};
		68A816091FB26E6800719AE4 /* ServpalTests */ = {
			isa = PBXGroup;
			children = (
				68A8160A1FB26E6800719AE4 /* ServPalTests.swift */,
				68A8160C1FB26E6800719AE4 /* Info.plist */,
			);
			path = ServpalTests;
			sourceTree = "<group>";
		};
		68A816141FB26E6800719AE4 /* ServpalUITests */ = {
			isa = PBXGroup;
			children = (
				68A816151FB26E6800719AE4 /* ServPalUITests.swift */,
				68A816171FB26E6800719AE4 /* Info.plist */,
			);
			path = ServpalUITests;
			sourceTree = "<group>";
		};
		68A816231FB2839900719AE4 /* Model */ = {
			isa = PBXGroup;
			children = (
				68A816251FB283EB00719AE4 /* Realm */,
				68A816241FB283DD00719AE4 /* JSON */,
			);
			path = Model;
			sourceTree = "<group>";
		};
		68A816241FB283DD00719AE4 /* JSON */ = {
			isa = PBXGroup;
			children = (
				68A816261FB2840000719AE4 /* LoginResponse.swift */,
				68A816281FB2AC2200719AE4 /* UserBody.swift */,
				684021F41FC45F68004FE058 /* SPError.swift */,
			);
			path = JSON;
			sourceTree = "<group>";
		};
		68A816251FB283EB00719AE4 /* Realm */ = {
			isa = PBXGroup;
			children = (
				68F3FA841FB7B23800ED1333 /* RealmExtensions */,
				68A8162E1FB326BA00719AE4 /* RealmManager.swift */,
				68A816351FB3291600719AE4 /* User.swift */,
				68A816371FB3292400719AE4 /* Profile.swift */,
			);
			path = Realm;
			sourceTree = "<group>";
		};
		68A816321FB327E600719AE4 /* Constants */ = {
			isa = PBXGroup;
			children = (
				68A816331FB327F800719AE4 /* Constants.swift */,
			);
			path = Constants;
			sourceTree = "<group>";
		};
		68F3FA7F1FB5E74800ED1333 /* API */ = {
			isa = PBXGroup;
			children = (
				247B3A8A309C9E30A7363D52 /* ServPalApiManager.swift */,
				247B3ADA52B707BB282215C6 /* UserManager.swift */,
			);
			path = API;
			sourceTree = "<group>";
		};
		68F3FA841FB7B23800ED1333 /* RealmExtensions */ = {
			isa = PBXGroup;
			children = (
				68F3FA821FB7B23400ED1333 /* RLMResults+Additions.swift */,
				68F3FA851FB7B2C300ED1333 /* RLMArray+Additions.swift */,
			);
			path = RealmExtensions;
			sourceTree = "<group>";
		};
		74B43508025ECE8C4F639CD2 /* Pods */ = {
			isa = PBXGroup;
			children = (
				D98B832BAD0D8F04CE86C539 /* Pods-Servpal.debug.xcconfig */,
				EF54109E545DDB0CA04D440C /* Pods-Servpal.release.xcconfig */,
				1804251ABA4D0E76D811108D /* Pods-ServpalTests.debug.xcconfig */,
				985A5143A6DCECE986EDCEDC /* Pods-ServpalTests.release.xcconfig */,
				8FDDB6BA1F4B7BAE5239B4D4 /* Pods-ServpalUITests.debug.xcconfig */,
				73B18D8EA6572435077122B2 /* Pods-ServpalUITests.release.xcconfig */,
			);
			name = Pods;
			sourceTree = "<group>";
		};
/* End PBXGroup section */

/* Begin PBXNativeTarget section */
		68A815F11FB26E6800719AE4 /* Servpal */ = {
			isa = PBXNativeTarget;
			buildConfigurationList = 68A8161A1FB26E6800719AE4 /* Build configuration list for PBXNativeTarget "Servpal" */;
			buildPhases = (
				7E8489CD7BD17D9A8F30CB28 /* [CP] Check Pods Manifest.lock */,
				68A815EE1FB26E6800719AE4 /* Sources */,
				68A815EF1FB26E6800719AE4 /* Frameworks */,
				68A815F01FB26E6800719AE4 /* Resources */,
				792312DB64220301EB98E734 /* [CP] Embed Pods Frameworks */,
				30F7BC7DEBCA7EDD07C1016E /* [CP] Copy Pods Resources */,
			);
			buildRules = (
			);
			dependencies = (
			);
			name = Servpal;
			productName = ServPal;
			productReference = 68A815F21FB26E6800719AE4 /* Servpal.app */;
			productType = "com.apple.product-type.application";
		};
		68A816051FB26E6800719AE4 /* ServpalTests */ = {
			isa = PBXNativeTarget;
			buildConfigurationList = 68A8161D1FB26E6800719AE4 /* Build configuration list for PBXNativeTarget "ServpalTests" */;
			buildPhases = (
				44518411342D576701DA36D1 /* [CP] Check Pods Manifest.lock */,
				68A816021FB26E6800719AE4 /* Sources */,
				68A816031FB26E6800719AE4 /* Frameworks */,
				68A816041FB26E6800719AE4 /* Resources */,
				D6C1541F355ABCF3E4D8758F /* [CP] Embed Pods Frameworks */,
				7D97FCD9FB62C379B85D920B /* [CP] Copy Pods Resources */,
			);
			buildRules = (
			);
			dependencies = (
				68A816081FB26E6800719AE4 /* PBXTargetDependency */,
			);
			name = ServpalTests;
			productName = ServPalTests;
			productReference = 68A816061FB26E6800719AE4 /* ServpalTests.xctest */;
			productType = "com.apple.product-type.bundle.unit-test";
		};
		68A816101FB26E6800719AE4 /* ServpalUITests */ = {
			isa = PBXNativeTarget;
			buildConfigurationList = 68A816201FB26E6800719AE4 /* Build configuration list for PBXNativeTarget "ServpalUITests" */;
			buildPhases = (
				1DC42061A35F9043477151D7 /* [CP] Check Pods Manifest.lock */,
				68A8160D1FB26E6800719AE4 /* Sources */,
				68A8160E1FB26E6800719AE4 /* Frameworks */,
				68A8160F1FB26E6800719AE4 /* Resources */,
				AF6C34FE660A35FF342F1980 /* [CP] Embed Pods Frameworks */,
				AC75D616781DCC62DF6441A0 /* [CP] Copy Pods Resources */,
			);
			buildRules = (
			);
			dependencies = (
				68A816131FB26E6800719AE4 /* PBXTargetDependency */,
			);
			name = ServpalUITests;
			productName = ServPalUITests;
			productReference = 68A816111FB26E6800719AE4 /* ServpalUITests.xctest */;
			productType = "com.apple.product-type.bundle.ui-testing";
		};
/* End PBXNativeTarget section */

/* Begin PBXProject section */
		68A815EA1FB26E6800719AE4 /* Project object */ = {
			isa = PBXProject;
			attributes = {
				LastSwiftUpdateCheck = 0910;
				LastUpgradeCheck = 0910;
				ORGANIZATIONNAME = ServPal;
				TargetAttributes = {
					68A815F11FB26E6800719AE4 = {
						CreatedOnToolsVersion = 9.1;
						LastSwiftMigration = 0920;
						ProvisioningStyle = Manual;
					};
					68A816051FB26E6800719AE4 = {
						CreatedOnToolsVersion = 9.1;
						ProvisioningStyle = Automatic;
						TestTargetID = 68A815F11FB26E6800719AE4;
					};
					68A816101FB26E6800719AE4 = {
						CreatedOnToolsVersion = 9.1;
						ProvisioningStyle = Automatic;
						TestTargetID = 68A815F11FB26E6800719AE4;
					};
				};
			};
			buildConfigurationList = 68A815ED1FB26E6800719AE4 /* Build configuration list for PBXProject "Servpal" */;
			compatibilityVersion = "Xcode 8.0";
			developmentRegion = en;
			hasScannedForEncodings = 0;
			knownRegions = (
				en,
				Base,
			);
			mainGroup = 68A815E91FB26E6800719AE4;
			productRefGroup = 68A815F31FB26E6800719AE4 /* Products */;
			projectDirPath = "";
			projectRoot = "";
			targets = (
				68A815F11FB26E6800719AE4 /* Servpal */,
				68A816051FB26E6800719AE4 /* ServpalTests */,
				68A816101FB26E6800719AE4 /* ServpalUITests */,
			);
		};
/* End PBXProject section */

/* Begin PBXResourcesBuildPhase section */
		68A815F01FB26E6800719AE4 /* Resources */ = {
			isa = PBXResourcesBuildPhase;
			buildActionMask = 2147483647;
			files = (
				68A816001FB26E6800719AE4 /* LaunchScreen.storyboard in Resources */,
				68A815FD1FB26E6800719AE4 /* Assets.xcassets in Resources */,
				68A815FB1FB26E6800719AE4 /* Main.storyboard in Resources */,
				2363C8AF1FE58EF900B36C79 /* StopGap.storyboard in Resources */,
			);
			runOnlyForDeploymentPostprocessing = 0;
		};
		68A816041FB26E6800719AE4 /* Resources */ = {
			isa = PBXResourcesBuildPhase;
			buildActionMask = 2147483647;
			files = (
			);
			runOnlyForDeploymentPostprocessing = 0;
		};
		68A8160F1FB26E6800719AE4 /* Resources */ = {
			isa = PBXResourcesBuildPhase;
			buildActionMask = 2147483647;
			files = (
			);
			runOnlyForDeploymentPostprocessing = 0;
		};
/* End PBXResourcesBuildPhase section */

/* Begin PBXShellScriptBuildPhase section */
		1DC42061A35F9043477151D7 /* [CP] Check Pods Manifest.lock */ = {
			isa = PBXShellScriptBuildPhase;
			buildActionMask = 2147483647;
			files = (
			);
			inputPaths = (
				"${PODS_PODFILE_DIR_PATH}/Podfile.lock",
				"${PODS_ROOT}/Manifest.lock",
			);
			name = "[CP] Check Pods Manifest.lock";
			outputPaths = (
				"$(DERIVED_FILE_DIR)/Pods-ServpalUITests-checkManifestLockResult.txt",
			);
			runOnlyForDeploymentPostprocessing = 0;
			shellPath = /bin/sh;
			shellScript = "diff \"${PODS_PODFILE_DIR_PATH}/Podfile.lock\" \"${PODS_ROOT}/Manifest.lock\" > /dev/null\nif [ $? != 0 ] ; then\n    # print error to STDERR\n    echo \"error: The sandbox is not in sync with the Podfile.lock. Run 'pod install' or update your CocoaPods installation.\" >&2\n    exit 1\nfi\n# This output is used by Xcode 'outputs' to avoid re-running this script phase.\necho \"SUCCESS\" > \"${SCRIPT_OUTPUT_FILE_0}\"\n";
			showEnvVarsInLog = 0;
		};
		30F7BC7DEBCA7EDD07C1016E /* [CP] Copy Pods Resources */ = {
			isa = PBXShellScriptBuildPhase;
			buildActionMask = 2147483647;
			files = (
			);
			inputPaths = (
			);
			name = "[CP] Copy Pods Resources";
			outputPaths = (
			);
			runOnlyForDeploymentPostprocessing = 0;
			shellPath = /bin/sh;
			shellScript = "\"${SRCROOT}/Pods/Target Support Files/Pods-Servpal/Pods-Servpal-resources.sh\"\n";
			showEnvVarsInLog = 0;
		};
		44518411342D576701DA36D1 /* [CP] Check Pods Manifest.lock */ = {
			isa = PBXShellScriptBuildPhase;
			buildActionMask = 2147483647;
			files = (
			);
			inputPaths = (
				"${PODS_PODFILE_DIR_PATH}/Podfile.lock",
				"${PODS_ROOT}/Manifest.lock",
			);
			name = "[CP] Check Pods Manifest.lock";
			outputPaths = (
				"$(DERIVED_FILE_DIR)/Pods-ServpalTests-checkManifestLockResult.txt",
			);
			runOnlyForDeploymentPostprocessing = 0;
			shellPath = /bin/sh;
			shellScript = "diff \"${PODS_PODFILE_DIR_PATH}/Podfile.lock\" \"${PODS_ROOT}/Manifest.lock\" > /dev/null\nif [ $? != 0 ] ; then\n    # print error to STDERR\n    echo \"error: The sandbox is not in sync with the Podfile.lock. Run 'pod install' or update your CocoaPods installation.\" >&2\n    exit 1\nfi\n# This output is used by Xcode 'outputs' to avoid re-running this script phase.\necho \"SUCCESS\" > \"${SCRIPT_OUTPUT_FILE_0}\"\n";
			showEnvVarsInLog = 0;
		};
		792312DB64220301EB98E734 /* [CP] Embed Pods Frameworks */ = {
			isa = PBXShellScriptBuildPhase;
			buildActionMask = 2147483647;
			files = (
			);
			inputPaths = (
				"${SRCROOT}/Pods/Target Support Files/Pods-Servpal/Pods-Servpal-frameworks.sh",
				"${BUILT_PRODUCTS_DIR}/Alamofire/Alamofire.framework",
				"${BUILT_PRODUCTS_DIR}/DLRadioButton/DLRadioButton.framework",
				"${BUILT_PRODUCTS_DIR}/ObjectMapper/ObjectMapper.framework",
				"${BUILT_PRODUCTS_DIR}/Realm/Realm.framework",
				"${BUILT_PRODUCTS_DIR}/RealmSwift/RealmSwift.framework",
				"${BUILT_PRODUCTS_DIR}/SVProgressHUD/SVProgressHUD.framework",
				"${BUILT_PRODUCTS_DIR}/SnapKit/SnapKit.framework",
			);
			name = "[CP] Embed Pods Frameworks";
			outputPaths = (
				"${TARGET_BUILD_DIR}/${FRAMEWORKS_FOLDER_PATH}/Alamofire.framework",
				"${TARGET_BUILD_DIR}/${FRAMEWORKS_FOLDER_PATH}/DLRadioButton.framework",
				"${TARGET_BUILD_DIR}/${FRAMEWORKS_FOLDER_PATH}/ObjectMapper.framework",
				"${TARGET_BUILD_DIR}/${FRAMEWORKS_FOLDER_PATH}/Realm.framework",
				"${TARGET_BUILD_DIR}/${FRAMEWORKS_FOLDER_PATH}/RealmSwift.framework",
				"${TARGET_BUILD_DIR}/${FRAMEWORKS_FOLDER_PATH}/SVProgressHUD.framework",
				"${TARGET_BUILD_DIR}/${FRAMEWORKS_FOLDER_PATH}/SnapKit.framework",
			);
			runOnlyForDeploymentPostprocessing = 0;
			shellPath = /bin/sh;
			shellScript = "\"${SRCROOT}/Pods/Target Support Files/Pods-Servpal/Pods-Servpal-frameworks.sh\"\n";
			showEnvVarsInLog = 0;
		};
		7D97FCD9FB62C379B85D920B /* [CP] Copy Pods Resources */ = {
			isa = PBXShellScriptBuildPhase;
			buildActionMask = 2147483647;
			files = (
			);
			inputPaths = (
			);
			name = "[CP] Copy Pods Resources";
			outputPaths = (
			);
			runOnlyForDeploymentPostprocessing = 0;
			shellPath = /bin/sh;
			shellScript = "\"${SRCROOT}/Pods/Target Support Files/Pods-ServpalTests/Pods-ServpalTests-resources.sh\"\n";
			showEnvVarsInLog = 0;
		};
		7E8489CD7BD17D9A8F30CB28 /* [CP] Check Pods Manifest.lock */ = {
			isa = PBXShellScriptBuildPhase;
			buildActionMask = 2147483647;
			files = (
			);
			inputPaths = (
				"${PODS_PODFILE_DIR_PATH}/Podfile.lock",
				"${PODS_ROOT}/Manifest.lock",
			);
			name = "[CP] Check Pods Manifest.lock";
			outputPaths = (
				"$(DERIVED_FILE_DIR)/Pods-Servpal-checkManifestLockResult.txt",
			);
			runOnlyForDeploymentPostprocessing = 0;
			shellPath = /bin/sh;
			shellScript = "diff \"${PODS_PODFILE_DIR_PATH}/Podfile.lock\" \"${PODS_ROOT}/Manifest.lock\" > /dev/null\nif [ $? != 0 ] ; then\n    # print error to STDERR\n    echo \"error: The sandbox is not in sync with the Podfile.lock. Run 'pod install' or update your CocoaPods installation.\" >&2\n    exit 1\nfi\n# This output is used by Xcode 'outputs' to avoid re-running this script phase.\necho \"SUCCESS\" > \"${SCRIPT_OUTPUT_FILE_0}\"\n";
			showEnvVarsInLog = 0;
		};
		AC75D616781DCC62DF6441A0 /* [CP] Copy Pods Resources */ = {
			isa = PBXShellScriptBuildPhase;
			buildActionMask = 2147483647;
			files = (
			);
			inputPaths = (
			);
			name = "[CP] Copy Pods Resources";
			outputPaths = (
			);
			runOnlyForDeploymentPostprocessing = 0;
			shellPath = /bin/sh;
			shellScript = "\"${SRCROOT}/Pods/Target Support Files/Pods-ServpalUITests/Pods-ServpalUITests-resources.sh\"\n";
			showEnvVarsInLog = 0;
		};
		AF6C34FE660A35FF342F1980 /* [CP] Embed Pods Frameworks */ = {
			isa = PBXShellScriptBuildPhase;
			buildActionMask = 2147483647;
			files = (
			);
			inputPaths = (
			);
			name = "[CP] Embed Pods Frameworks";
			outputPaths = (
			);
			runOnlyForDeploymentPostprocessing = 0;
			shellPath = /bin/sh;
			shellScript = "\"${SRCROOT}/Pods/Target Support Files/Pods-ServpalUITests/Pods-ServpalUITests-frameworks.sh\"\n";
			showEnvVarsInLog = 0;
		};
		D6C1541F355ABCF3E4D8758F /* [CP] Embed Pods Frameworks */ = {
			isa = PBXShellScriptBuildPhase;
			buildActionMask = 2147483647;
			files = (
			);
			inputPaths = (
			);
			name = "[CP] Embed Pods Frameworks";
			outputPaths = (
			);
			runOnlyForDeploymentPostprocessing = 0;
			shellPath = /bin/sh;
			shellScript = "\"${SRCROOT}/Pods/Target Support Files/Pods-ServpalTests/Pods-ServpalTests-frameworks.sh\"\n";
			showEnvVarsInLog = 0;
		};
/* End PBXShellScriptBuildPhase section */

/* Begin PBXSourcesBuildPhase section */
		68A815EE1FB26E6800719AE4 /* Sources */ = {
			isa = PBXSourcesBuildPhase;
			buildActionMask = 2147483647;
			files = (
				6855DA381FD30BFB00E7DFD7 /* LocationServiceManager.swift in Sources */,
				239E5B721FDE0AD400EA591A /* BaseViewModel.swift in Sources */,
				68A816361FB3291600719AE4 /* User.swift in Sources */,
				684021F51FC45F68004FE058 /* SPError.swift in Sources */,
				239E5B6D1FDE0A4A00EA591A /* SearchModel.swift in Sources */,
				68A815F61FB26E6800719AE4 /* AppDelegate.swift in Sources */,
				6855DA3B1FD3110600E7DFD7 /* SearchViewController.swift in Sources */,
				68A816291FB2AC2200719AE4 /* UserBody.swift in Sources */,
				68F3FA861FB7B2C300ED1333 /* RLMArray+Additions.swift in Sources */,
				68A816381FB3292400719AE4 /* Profile.swift in Sources */,
				68A8162F1FB326BA00719AE4 /* RealmManager.swift in Sources */,
				239E5B6B1FDE0A4100EA591A /* SearchVM.swift in Sources */,
				68A816271FB2840000719AE4 /* LoginResponse.swift in Sources */,
				68A816341FB327F800719AE4 /* Constants.swift in Sources */,
				247B349E62EE55C06CEAD121 /* Colors.swift in Sources */,
				231C131C1FE5DEF500ACB357 /* WebAppVC.swift in Sources */,
				2363C8B21FE58F4300B36C79 /* SignupVC.swift in Sources */,
				247B3AA466ED79AAD10EBF1F /* ServPalApiManager.swift in Sources */,
				68F3FA831FB7B23400ED1333 /* RLMResults+Additions.swift in Sources */,
				239E5B741FDE0ADE00EA591A /* BaseModel.swift in Sources */,
				247B319B4A804032B12BE12B /* UserManager.swift in Sources */,
			);
			runOnlyForDeploymentPostprocessing = 0;
		};
		68A816021FB26E6800719AE4 /* Sources */ = {
			isa = PBXSourcesBuildPhase;
			buildActionMask = 2147483647;
			files = (
				68A8160B1FB26E6800719AE4 /* ServPalTests.swift in Sources */,
			);
			runOnlyForDeploymentPostprocessing = 0;
		};
		68A8160D1FB26E6800719AE4 /* Sources */ = {
			isa = PBXSourcesBuildPhase;
			buildActionMask = 2147483647;
			files = (
				68A816161FB26E6800719AE4 /* ServPalUITests.swift in Sources */,
			);
			runOnlyForDeploymentPostprocessing = 0;
		};
/* End PBXSourcesBuildPhase section */

/* Begin PBXTargetDependency section */
		68A816081FB26E6800719AE4 /* PBXTargetDependency */ = {
			isa = PBXTargetDependency;
			target = 68A815F11FB26E6800719AE4 /* Servpal */;
			targetProxy = 68A816071FB26E6800719AE4 /* PBXContainerItemProxy */;
		};
		68A816131FB26E6800719AE4 /* PBXTargetDependency */ = {
			isa = PBXTargetDependency;
			target = 68A815F11FB26E6800719AE4 /* Servpal */;
			targetProxy = 68A816121FB26E6800719AE4 /* PBXContainerItemProxy */;
		};
/* End PBXTargetDependency section */

/* Begin PBXVariantGroup section */
		68A815F91FB26E6800719AE4 /* Main.storyboard */ = {
			isa = PBXVariantGroup;
			children = (
				68A815FA1FB26E6800719AE4 /* Base */,
			);
			name = Main.storyboard;
			sourceTree = "<group>";
		};
		68A815FE1FB26E6800719AE4 /* LaunchScreen.storyboard */ = {
			isa = PBXVariantGroup;
			children = (
				68A815FF1FB26E6800719AE4 /* Base */,
			);
			name = LaunchScreen.storyboard;
			sourceTree = "<group>";
		};
/* End PBXVariantGroup section */

/* Begin XCBuildConfiguration section */
		68A816181FB26E6800719AE4 /* Debug */ = {
			isa = XCBuildConfiguration;
			buildSettings = {
				ALWAYS_SEARCH_USER_PATHS = NO;
				CLANG_ANALYZER_NONNULL = YES;
				CLANG_ANALYZER_NUMBER_OBJECT_CONVERSION = YES_AGGRESSIVE;
				CLANG_CXX_LANGUAGE_STANDARD = "gnu++14";
				CLANG_CXX_LIBRARY = "libc++";
				CLANG_ENABLE_MODULES = YES;
				CLANG_ENABLE_OBJC_ARC = YES;
				CLANG_WARN_BLOCK_CAPTURE_AUTORELEASING = YES;
				CLANG_WARN_BOOL_CONVERSION = YES;
				CLANG_WARN_COMMA = YES;
				CLANG_WARN_CONSTANT_CONVERSION = YES;
				CLANG_WARN_DIRECT_OBJC_ISA_USAGE = YES_ERROR;
				CLANG_WARN_DOCUMENTATION_COMMENTS = YES;
				CLANG_WARN_EMPTY_BODY = YES;
				CLANG_WARN_ENUM_CONVERSION = YES;
				CLANG_WARN_INFINITE_RECURSION = YES;
				CLANG_WARN_INT_CONVERSION = YES;
				CLANG_WARN_NON_LITERAL_NULL_CONVERSION = YES;
				CLANG_WARN_OBJC_LITERAL_CONVERSION = YES;
				CLANG_WARN_OBJC_ROOT_CLASS = YES_ERROR;
				CLANG_WARN_RANGE_LOOP_ANALYSIS = YES;
				CLANG_WARN_STRICT_PROTOTYPES = YES;
				CLANG_WARN_SUSPICIOUS_MOVE = YES;
				CLANG_WARN_UNGUARDED_AVAILABILITY = YES_AGGRESSIVE;
				CLANG_WARN_UNREACHABLE_CODE = YES;
				CLANG_WARN__DUPLICATE_METHOD_MATCH = YES;
				CODE_SIGN_IDENTITY = "iPhone Developer";
				COPY_PHASE_STRIP = NO;
				DEBUG_INFORMATION_FORMAT = dwarf;
				ENABLE_STRICT_OBJC_MSGSEND = YES;
				ENABLE_TESTABILITY = YES;
				GCC_C_LANGUAGE_STANDARD = gnu11;
				GCC_DYNAMIC_NO_PIC = NO;
				GCC_NO_COMMON_BLOCKS = YES;
				GCC_OPTIMIZATION_LEVEL = 0;
				GCC_PREPROCESSOR_DEFINITIONS = (
					"DEBUG=1",
					"$(inherited)",
				);
				GCC_WARN_64_TO_32_BIT_CONVERSION = YES;
				GCC_WARN_ABOUT_RETURN_TYPE = YES_ERROR;
				GCC_WARN_UNDECLARED_SELECTOR = YES;
				GCC_WARN_UNINITIALIZED_AUTOS = YES_AGGRESSIVE;
				GCC_WARN_UNUSED_FUNCTION = YES;
				GCC_WARN_UNUSED_VARIABLE = YES;
				IPHONEOS_DEPLOYMENT_TARGET = 10.3;
				MTL_ENABLE_DEBUG_INFO = YES;
				ONLY_ACTIVE_ARCH = YES;
				SDKROOT = iphoneos;
				SWIFT_ACTIVE_COMPILATION_CONDITIONS = DEBUG;
				SWIFT_OPTIMIZATION_LEVEL = "-Onone";
			};
			name = Debug;
		};
		68A816191FB26E6800719AE4 /* Release */ = {
			isa = XCBuildConfiguration;
			buildSettings = {
				ALWAYS_SEARCH_USER_PATHS = NO;
				CLANG_ANALYZER_NONNULL = YES;
				CLANG_ANALYZER_NUMBER_OBJECT_CONVERSION = YES_AGGRESSIVE;
				CLANG_CXX_LANGUAGE_STANDARD = "gnu++14";
				CLANG_CXX_LIBRARY = "libc++";
				CLANG_ENABLE_MODULES = YES;
				CLANG_ENABLE_OBJC_ARC = YES;
				CLANG_WARN_BLOCK_CAPTURE_AUTORELEASING = YES;
				CLANG_WARN_BOOL_CONVERSION = YES;
				CLANG_WARN_COMMA = YES;
				CLANG_WARN_CONSTANT_CONVERSION = YES;
				CLANG_WARN_DIRECT_OBJC_ISA_USAGE = YES_ERROR;
				CLANG_WARN_DOCUMENTATION_COMMENTS = YES;
				CLANG_WARN_EMPTY_BODY = YES;
				CLANG_WARN_ENUM_CONVERSION = YES;
				CLANG_WARN_INFINITE_RECURSION = YES;
				CLANG_WARN_INT_CONVERSION = YES;
				CLANG_WARN_NON_LITERAL_NULL_CONVERSION = YES;
				CLANG_WARN_OBJC_LITERAL_CONVERSION = YES;
				CLANG_WARN_OBJC_ROOT_CLASS = YES_ERROR;
				CLANG_WARN_RANGE_LOOP_ANALYSIS = YES;
				CLANG_WARN_STRICT_PROTOTYPES = YES;
				CLANG_WARN_SUSPICIOUS_MOVE = YES;
				CLANG_WARN_UNGUARDED_AVAILABILITY = YES_AGGRESSIVE;
				CLANG_WARN_UNREACHABLE_CODE = YES;
				CLANG_WARN__DUPLICATE_METHOD_MATCH = YES;
				CODE_SIGN_IDENTITY = "iPhone Developer";
				COPY_PHASE_STRIP = NO;
				DEBUG_INFORMATION_FORMAT = "dwarf-with-dsym";
				ENABLE_NS_ASSERTIONS = NO;
				ENABLE_STRICT_OBJC_MSGSEND = YES;
				GCC_C_LANGUAGE_STANDARD = gnu11;
				GCC_NO_COMMON_BLOCKS = YES;
				GCC_WARN_64_TO_32_BIT_CONVERSION = YES;
				GCC_WARN_ABOUT_RETURN_TYPE = YES_ERROR;
				GCC_WARN_UNDECLARED_SELECTOR = YES;
				GCC_WARN_UNINITIALIZED_AUTOS = YES_AGGRESSIVE;
				GCC_WARN_UNUSED_FUNCTION = YES;
				GCC_WARN_UNUSED_VARIABLE = YES;
				IPHONEOS_DEPLOYMENT_TARGET = 10.3;
				MTL_ENABLE_DEBUG_INFO = NO;
				SDKROOT = iphoneos;
				SWIFT_OPTIMIZATION_LEVEL = "-Owholemodule";
				VALIDATE_PRODUCT = YES;
			};
			name = Release;
		};
		68A8161B1FB26E6800719AE4 /* Debug */ = {
			isa = XCBuildConfiguration;
			baseConfigurationReference = D98B832BAD0D8F04CE86C539 /* Pods-Servpal.debug.xcconfig */;
			buildSettings = {
				ASSETCATALOG_COMPILER_APPICON_NAME = AppIcon;
				CLANG_ENABLE_MODULES = YES;
				CODE_SIGN_STYLE = Manual;
				DEVELOPMENT_TEAM = Q3N7K2HQ6C;
				INFOPLIST_FILE = ServPal/Info.plist;
				IPHONEOS_DEPLOYMENT_TARGET = 10.0;
				LD_RUNPATH_SEARCH_PATHS = "$(inherited) @executable_path/Frameworks";
				OTHER_LDFLAGS = (
					"$(inherited)",
					"-framework",
					"\"Alamofire\"",
					"-framework",
					"\"DLRadioButton\"",
					"-framework",
					"\"ObjectMapper\"",
					"-framework",
					"\"RealmSwift\"",
				);
				PRODUCT_BUNDLE_IDENTIFIER = com.servpal.Servpal;
				PRODUCT_NAME = "$(TARGET_NAME)";
				PROVISIONING_PROFILE = "3bde5a16-9335-46cb-ab4a-ebd1aa19698a";
				PROVISIONING_PROFILE_SPECIFIER = ServpalDevelopment;
				SWIFT_OBJC_BRIDGING_HEADER = "Servpal/Servpal-Bridging-Header.h";
				SWIFT_OPTIMIZATION_LEVEL = "-Onone";
				SWIFT_VERSION = 4.0;
				TARGETED_DEVICE_FAMILY = 1;
			};
			name = Debug;
		};
		68A8161C1FB26E6800719AE4 /* Release */ = {
			isa = XCBuildConfiguration;
			baseConfigurationReference = EF54109E545DDB0CA04D440C /* Pods-Servpal.release.xcconfig */;
			buildSettings = {
				ASSETCATALOG_COMPILER_APPICON_NAME = AppIcon;
				CLANG_ENABLE_MODULES = YES;
				"CODE_SIGN_IDENTITY[sdk=iphoneos*]" = "iPhone Distribution";
				CODE_SIGN_STYLE = Manual;
				DEVELOPMENT_TEAM = Q3N7K2HQ6C;
				INFOPLIST_FILE = ServPal/Info.plist;
				IPHONEOS_DEPLOYMENT_TARGET = 10.0;
				LD_RUNPATH_SEARCH_PATHS = "$(inherited) @executable_path/Frameworks";
				OTHER_LDFLAGS = (
					"$(inherited)",
					"-framework",
					"\"Alamofire\"",
					"-framework",
					"\"DLRadioButton\"",
					"-framework",
					"\"ObjectMapper\"",
					"-framework",
					"\"RealmSwift\"",
				);
				PRODUCT_BUNDLE_IDENTIFIER = com.servpal.Servpal;
				PRODUCT_NAME = "$(TARGET_NAME)";
				PROVISIONING_PROFILE = "e5accc9e-4173-4ace-9423-8700b2aae89f";
				PROVISIONING_PROFILE_SPECIFIER = ServpalDistribution;
				SWIFT_OBJC_BRIDGING_HEADER = "Servpal/Servpal-Bridging-Header.h";
				SWIFT_VERSION = 4.0;
				TARGETED_DEVICE_FAMILY = 1;
			};
			name = Release;
		};
		68A8161E1FB26E6800719AE4 /* Debug */ = {
			isa = XCBuildConfiguration;
			baseConfigurationReference = 1804251ABA4D0E76D811108D /* Pods-ServpalTests.debug.xcconfig */;
			buildSettings = {
				ALWAYS_EMBED_SWIFT_STANDARD_LIBRARIES = YES;
				BUNDLE_LOADER = "$(TEST_HOST)";
				CODE_SIGN_STYLE = Automatic;
				DEVELOPMENT_TEAM = 8465TCKEB8;
				INFOPLIST_FILE = ServPalTests/Info.plist;
				LD_RUNPATH_SEARCH_PATHS = "$(inherited) @executable_path/Frameworks @loader_path/Frameworks";
				PRODUCT_BUNDLE_IDENTIFIER = com.ServPalTests;
				PRODUCT_NAME = "$(TARGET_NAME)";
				SWIFT_VERSION = 4.0;
				TARGETED_DEVICE_FAMILY = "1,2";
				TEST_HOST = "$(BUILT_PRODUCTS_DIR)/Servpal.temp_caseinsensitive_rename.app/Servpal.temp_caseinsensitive_rename";
			};
			name = Debug;
		};
		68A8161F1FB26E6800719AE4 /* Release */ = {
			isa = XCBuildConfiguration;
			baseConfigurationReference = 985A5143A6DCECE986EDCEDC /* Pods-ServpalTests.release.xcconfig */;
			buildSettings = {
				ALWAYS_EMBED_SWIFT_STANDARD_LIBRARIES = YES;
				BUNDLE_LOADER = "$(TEST_HOST)";
				CODE_SIGN_STYLE = Automatic;
				DEVELOPMENT_TEAM = 8465TCKEB8;
				INFOPLIST_FILE = ServPalTests/Info.plist;
				LD_RUNPATH_SEARCH_PATHS = "$(inherited) @executable_path/Frameworks @loader_path/Frameworks";
				PRODUCT_BUNDLE_IDENTIFIER = com.ServPalTests;
				PRODUCT_NAME = "$(TARGET_NAME)";
				SWIFT_VERSION = 4.0;
				TARGETED_DEVICE_FAMILY = "1,2";
				TEST_HOST = "$(BUILT_PRODUCTS_DIR)/Servpal.temp_caseinsensitive_rename.app/Servpal.temp_caseinsensitive_rename";
			};
			name = Release;
		};
		68A816211FB26E6800719AE4 /* Debug */ = {
			isa = XCBuildConfiguration;
			baseConfigurationReference = 8FDDB6BA1F4B7BAE5239B4D4 /* Pods-ServpalUITests.debug.xcconfig */;
			buildSettings = {
				ALWAYS_EMBED_SWIFT_STANDARD_LIBRARIES = YES;
				CODE_SIGN_STYLE = Automatic;
				DEVELOPMENT_TEAM = 8465TCKEB8;
				INFOPLIST_FILE = ServPalUITests/Info.plist;
				LD_RUNPATH_SEARCH_PATHS = "$(inherited) @executable_path/Frameworks @loader_path/Frameworks";
				PRODUCT_BUNDLE_IDENTIFIER = com.ServPalUITests;
				PRODUCT_NAME = "$(TARGET_NAME)";
				SWIFT_VERSION = 4.0;
				TARGETED_DEVICE_FAMILY = "1,2";
				TEST_TARGET_NAME = ServPal;
			};
			name = Debug;
		};
		68A816221FB26E6800719AE4 /* Release */ = {
			isa = XCBuildConfiguration;
			baseConfigurationReference = 73B18D8EA6572435077122B2 /* Pods-ServpalUITests.release.xcconfig */;
			buildSettings = {
				ALWAYS_EMBED_SWIFT_STANDARD_LIBRARIES = YES;
				CODE_SIGN_STYLE = Automatic;
				DEVELOPMENT_TEAM = 8465TCKEB8;
				INFOPLIST_FILE = ServPalUITests/Info.plist;
				LD_RUNPATH_SEARCH_PATHS = "$(inherited) @executable_path/Frameworks @loader_path/Frameworks";
				PRODUCT_BUNDLE_IDENTIFIER = com.ServPalUITests;
				PRODUCT_NAME = "$(TARGET_NAME)";
				SWIFT_VERSION = 4.0;
				TARGETED_DEVICE_FAMILY = "1,2";
				TEST_TARGET_NAME = ServPal;
			};
			name = Release;
		};
/* End XCBuildConfiguration section */

/* Begin XCConfigurationList section */
		68A815ED1FB26E6800719AE4 /* Build configuration list for PBXProject "Servpal" */ = {
			isa = XCConfigurationList;
			buildConfigurations = (
				68A816181FB26E6800719AE4 /* Debug */,
				68A816191FB26E6800719AE4 /* Release */,
			);
			defaultConfigurationIsVisible = 0;
			defaultConfigurationName = Release;
		};
		68A8161A1FB26E6800719AE4 /* Build configuration list for PBXNativeTarget "Servpal" */ = {
			isa = XCConfigurationList;
			buildConfigurations = (
				68A8161B1FB26E6800719AE4 /* Debug */,
				68A8161C1FB26E6800719AE4 /* Release */,
			);
			defaultConfigurationIsVisible = 0;
			defaultConfigurationName = Release;
		};
		68A8161D1FB26E6800719AE4 /* Build configuration list for PBXNativeTarget "ServpalTests" */ = {
			isa = XCConfigurationList;
			buildConfigurations = (
				68A8161E1FB26E6800719AE4 /* Debug */,
				68A8161F1FB26E6800719AE4 /* Release */,
			);
			defaultConfigurationIsVisible = 0;
			defaultConfigurationName = Release;
		};
		68A816201FB26E6800719AE4 /* Build configuration list for PBXNativeTarget "ServpalUITests" */ = {
			isa = XCConfigurationList;
			buildConfigurations = (
				68A816211FB26E6800719AE4 /* Debug */,
				68A816221FB26E6800719AE4 /* Release */,
			);
			defaultConfigurationIsVisible = 0;
			defaultConfigurationName = Release;
		};
/* End XCConfigurationList section */
	};
	rootObject = 68A815EA1FB26E6800719AE4 /* Project object */;
}
